
Microsoft Visual Studio Solution File, Format Version 12.00
# Visual Studio 15
Project("{FAE04EC0-301F-11D3-BF4B-00C04F79EFBC}") = "StarkBank", "StarkBank\StarkBank.csproj", "{E110FC97-8F98-4F81-99CD-707DBE1984CD}"
EndProject
Project("{FAE04EC0-301F-11D3-BF4B-00C04F79EFBC}") = "StarkBankTests", "StarkBankTests\StarkBankTests.csproj", "{AD89620E-3FA2-4572-A128-F6093411C7C1}"
EndProject
Global
	GlobalSection(SolutionConfigurationPlatforms) = preSolution
		Debug|Any CPU = Debug|Any CPU
		Release|Any CPU = Release|Any CPU
	EndGlobalSection
	GlobalSection(ProjectConfigurationPlatforms) = postSolution
		{E110FC97-8F98-4F81-99CD-707DBE1984CD}.Debug|Any CPU.ActiveCfg = Debug|Any CPU
		{E110FC97-8F98-4F81-99CD-707DBE1984CD}.Debug|Any CPU.Build.0 = Debug|Any CPU
		{E110FC97-8F98-4F81-99CD-707DBE1984CD}.Release|Any CPU.ActiveCfg = Release|Any CPU
		{E110FC97-8F98-4F81-99CD-707DBE1984CD}.Release|Any CPU.Build.0 = Release|Any CPU
		{AD89620E-3FA2-4572-A128-F6093411C7C1}.Debug|Any CPU.ActiveCfg = Debug|Any CPU
		{AD89620E-3FA2-4572-A128-F6093411C7C1}.Debug|Any CPU.Build.0 = Debug|Any CPU
		{AD89620E-3FA2-4572-A128-F6093411C7C1}.Release|Any CPU.ActiveCfg = Release|Any CPU
		{AD89620E-3FA2-4572-A128-F6093411C7C1}.Release|Any CPU.Build.0 = Release|Any CPU
	EndGlobalSection
	GlobalSection(MonoDevelopProperties) = preSolution
		Policies = $0
		$0.DotNetNamingPolicy = $1
		$1.DirectoryNamespaceAssociation = PrefixedHierarchical
		$0.StandardHeader = $2
		$0.VersionControlPolicy = $3
		$0.TextStylePolicy = $4
		$4.inheritsSet = null
		$4.scope = text/x-csharp
		$0.CSharpFormattingPolicy = $5
		$5.scope = text/x-csharp
		$0.TextStylePolicy = $6
		$6.FileWidth = 80
		$6.TabsToSpaces = True
		$6.scope = text/plain
		description = SDK to facilitate .NET integrations with Stark Bank
		version = 2.15.0
	EndGlobalSection
EndGlobal
